
Microsoft Visual Studio Solution File, Format Version 12.00
# Visual Studio Version 16
VisualStudioVersion = 16.0.32630.194
MinimumVisualStudioVersion = 10.0.40219.1
Project("{FAE04EC0-301F-11D3-BF4B-00C04F79EFBC}") = "JobPortal.Api", "JobPortal.Api.csproj", "{81653335-5CCC-445E-AA17-3B7B0E5E4A96}"
EndProject
Project("{FAE04EC0-301F-11D3-BF4B-00C04F79EFBC}") = "JobPortal.Data", "..\Jobportel.Data\JobPortal.Data.csproj", "{6251FC51-749A-4C3F-9542-0BD4446DEAAA}"
EndProject
Project("{FAE04EC0-301F-11D3-BF4B-00C04F79EFBC}") = "JobPortal.Service", "..\Jobportel.Service\JobPortal.Service.csproj", "{6EC6D993-C88B-4BBE-B6A6-CB4F0F891A24}"
EndProject
Project("{FAE04EC0-301F-11D3-BF4B-00C04F79EFBC}") = "JobPortal.Model", "..\Jobportel.Model\JobPortal.Model.csproj", "{9EA780A9-D882-40B1-8C3F-E6F3100D5164}"
EndProject
Global
	GlobalSection(SolutionConfigurationPlatforms) = preSolution
		Debug|Any CPU = Debug|Any CPU
		Release|Any CPU = Release|Any CPU
	EndGlobalSection
	GlobalSection(ProjectConfigurationPlatforms) = postSolution
		{81653335-5CCC-445E-AA17-3B7B0E5E4A96}.Debug|Any CPU.ActiveCfg = Debug|Any CPU
		{81653335-5CCC-445E-AA17-3B7B0E5E4A96}.Debug|Any CPU.Build.0 = Debug|Any CPU
		{81653335-5CCC-445E-AA17-3B7B0E5E4A96}.Release|Any CPU.ActiveCfg = Release|Any CPU
		{81653335-5CCC-445E-AA17-3B7B0E5E4A96}.Release|Any CPU.Build.0 = Release|Any CPU
		{6251FC51-749A-4C3F-9542-0BD4446DEAAA}.Debug|Any CPU.ActiveCfg = Debug|Any CPU
		{6251FC51-749A-4C3F-9542-0BD4446DEAAA}.Debug|Any CPU.Build.0 = Debug|Any CPU
		{6251FC51-749A-4C3F-9542-0BD4446DEAAA}.Release|Any CPU.ActiveCfg = Release|Any CPU
		{6251FC51-749A-4C3F-9542-0BD4446DEAAA}.Release|Any CPU.Build.0 = Release|Any CPU
		{6EC6D993-C88B-4BBE-B6A6-CB4F0F891A24}.Debug|Any CPU.ActiveCfg = Debug|Any CPU
		{6EC6D993-C88B-4BBE-B6A6-CB4F0F891A24}.Debug|Any CPU.Build.0 = Debug|Any CPU
		{6EC6D993-C88B-4BBE-B6A6-CB4F0F891A24}.Release|Any CPU.ActiveCfg = Release|Any CPU
		{6EC6D993-C88B-4BBE-B6A6-CB4F0F891A24}.Release|Any CPU.Build.0 = Release|Any CPU
		{9EA780A9-D882-40B1-8C3F-E6F3100D5164}.Debug|Any CPU.ActiveCfg = Debug|Any CPU
		{9EA780A9-D882-40B1-8C3F-E6F3100D5164}.Debug|Any CPU.Build.0 = Debug|Any CPU
		{9EA780A9-D882-40B1-8C3F-E6F3100D5164}.Release|Any CPU.ActiveCfg = Release|Any CPU
		{9EA780A9-D882-40B1-8C3F-E6F3100D5164}.Release|Any CPU.Build.0 = Release|Any CPU
	EndGlobalSection
	GlobalSection(SolutionProperties) = preSolution
		HideSolutionNode = FALSE
	EndGlobalSection
	GlobalSection(ExtensibilityGlobals) = postSolution
		SolutionGuid = {D74FD97F-1B14-4389-A0C5-24D4487035F5}
	EndGlobalSection
EndGlobal
